
Microsoft Visual Studio Solution File, Format Version 12.00
# Visual Studio Version 17
VisualStudioVersion = 17.8.34511.84
MinimumVisualStudioVersion = 10.0.40219.1
Project("{FAE04EC0-301F-11D3-BF4B-00C04F79EFBC}") = "course_project_tourist_routes", "course_project_tourist_routes\course_project_tourist_routes.csproj", "{6E84C72B-C072-460A-B40C-15CA8E5DEF13}"
EndProject
Project("{54435603-DBB4-11D2-8724-00A0C9A8B90C}") = "SetupApp", "SetupApp\SetupApp.vdproj", "{4AB80BF3-427A-409E-9BBF-B0FE36219CE0}"
EndProject
Global
	GlobalSection(SolutionConfigurationPlatforms) = preSolution
		Debug|Any CPU = Debug|Any CPU
		Release|Any CPU = Release|Any CPU
	EndGlobalSection
	GlobalSection(ProjectConfigurationPlatforms) = postSolution
		{6E84C72B-C072-460A-B40C-15CA8E5DEF13}.Debug|Any CPU.ActiveCfg = Debug|Any CPU
		{6E84C72B-C072-460A-B40C-15CA8E5DEF13}.Debug|Any CPU.Build.0 = Debug|Any CPU
		{6E84C72B-C072-460A-B40C-15CA8E5DEF13}.Release|Any CPU.ActiveCfg = Release|Any CPU
		{6E84C72B-C072-460A-B40C-15CA8E5DEF13}.Release|Any CPU.Build.0 = Release|Any CPU
		{4AB80BF3-427A-409E-9BBF-B0FE36219CE0}.Debug|Any CPU.ActiveCfg = Debug
		{4AB80BF3-427A-409E-9BBF-B0FE36219CE0}.Release|Any CPU.ActiveCfg = Release
	EndGlobalSection
	GlobalSection(SolutionProperties) = preSolution
		HideSolutionNode = FALSE
	EndGlobalSection
	GlobalSection(ExtensibilityGlobals) = postSolution
		SolutionGuid = {5938C7E3-7FE9-45F8-A144-CD3DF6423696}
	EndGlobalSection
EndGlobal
